{
  "name": "netgame",
  "version": "1.0.0",
  "lockfileVersion": 2,
  "requires": true,
  "packages": {
    "": {
      "version": "1.0.0",
      "license": "ISC",
      "dependencies": {
        "reason-nodejs": "*",
        "rescript": "^9.1.4"
      }
    },
    "node_modules/bs-platform": {
      "version": "9.0.2",
      "resolved": "https://registry.npmjs.org/bs-platform/-/bs-platform-9.0.2.tgz",
      "integrity": "sha512-Ye9JqJ4Oa7mcjjoOVRYI8Uc2Cf8N7jQLWDcdUplY7996d/YErSR7WitmV7XnSwr4EvdrbwjEsg1NxNjUQv3ChA==",
      "hasInstallScript": true,
      "peer": true,
      "bin": {
        "bsb": "bsb",
        "bsc": "bsc",
        "bsrefmt": "bsrefmt",
        "bstracing": "lib/bstracing"
      }
    },
    "node_modules/reason-nodejs": {
      "version": "13.0.0-beta.1",
      "resolved": "https://registry.npmjs.org/reason-nodejs/-/reason-nodejs-13.0.0-beta.1.tgz",
      "integrity": "sha512-KSGVKhUKbYFsGMQnQVtsMF79KLHuAmQ7NL/JOzwNe5rKlWlCr9kMCZxzjXghHepMH8OGmfxDVHMZKOAWuKU7OA==",
      "peerDependencies": {
        "bs-platform": ">= 7.2.0"
      }
    },
    "node_modules/rescript": {
      "version": "9.1.4",
      "resolved": "https://registry.npmjs.org/rescript/-/rescript-9.1.4.tgz",
      "integrity": "sha512-aXANK4IqecJzdnDpJUsU6pxMViCR5ogAxzuqS0mOr8TloMnzAjJFu63fjD6LCkWrKAhlMkFFzQvVQYaAaVkFXw==",
      "hasInstallScript": true,
      "bin": {
        "bsc": "bsc",
        "bsrefmt": "bsrefmt",
        "bstracing": "lib/bstracing",
        "rescript": "rescript"
      }
    }
  },
  "dependencies": {
    "bs-platform": {
      "version": "9.0.2",
      "resolved": "https://registry.npmjs.org/bs-platform/-/bs-platform-9.0.2.tgz",
      "integrity": "sha512-Ye9JqJ4Oa7mcjjoOVRYI8Uc2Cf8N7jQLWDcdUplY7996d/YErSR7WitmV7XnSwr4EvdrbwjEsg1NxNjUQv3ChA==",
      "peer": true
    },
    "reason-nodejs": {
      "version": "13.0.0-beta.1",
      "resolved": "https://registry.npmjs.org/reason-nodejs/-/reason-nodejs-13.0.0-beta.1.tgz",
      "integrity": "sha512-KSGVKhUKbYFsGMQnQVtsMF79KLHuAmQ7NL/JOzwNe5rKlWlCr9kMCZxzjXghHepMH8OGmfxDVHMZKOAWuKU7OA==",
      "requires": {}
    },
    "rescript": {
      "version": "9.1.4",
      "resolved": "https://registry.npmjs.org/rescript/-/rescript-9.1.4.tgz",
      "integrity": "sha512-aXANK4IqecJzdnDpJUsU6pxMViCR5ogAxzuqS0mOr8TloMnzAjJFu63fjD6LCkWrKAhlMkFFzQvVQYaAaVkFXw=="
    }
  }
}
